{
  "version": 4,
  "terraform_version": "0.13.3",
  "serial": 540,
  "lineage": "5fbade57-fd55-47fd-1850-10fac807018c",
  "outputs": {},
  "resources": [
    {
      "mode": "data",
      "type": "google_client_config",
      "name": "client",
      "provider": "provider[\"registry.terraform.io/hashicorp/google\"]",
      "instances": [
        {
          "schema_version": 0,
          "attributes": {
            "access_token": "ya29.a0AfH6SMDqvCUx3afS9JN8WxIpsDmN4Xf8SQ1M4fzkvbkE1opexJ84q1L8UfrPETPiSoYXFA0J4VCY7W4ZlH0A7QJGdSaXNHn3FlyXKIZ6qiqXGP1TJ9qqgEvbBMVuS0loMf-PS71HcN9zw5iVO7J3VgVn-zSs_RLDN534",
            "id": "2020-09-27 21:35:53.147864 +0000 UTC",
            "project": "aliz-hw-adamsz",
            "region": "europe-west2",
            "zone": ""
          }
        }
      ]
    },
    {
      "mode": "data",
      "type": "google_client_openid_userinfo",
      "name": "terraform_user",
      "provider": "provider[\"registry.terraform.io/hashicorp/google\"]",
      "instances": [
        {
          "schema_version": 0,
          "attributes": {
            "email": "adam.szilagyi1987@gmail.com",
            "id": "2020-09-27 21:35:54.027891 +0000 UTC"
          }
        }
      ]
    },
    {
      "mode": "data",
      "type": "template_file",
      "name": "access_token",
      "provider": "provider[\"registry.terraform.io/hashicorp/template\"]",
      "instances": [
        {
          "schema_version": 0,
          "attributes": {
            "filename": null,
            "id": "c76288ee70232de792d0fb783b601b2ae05a84545c9febcf66150c87b503677d",
            "rendered": "ya29.a0AfH6SMDqvCUx3afS9JN8WxIpsDmN4Xf8SQ1M4fzkvbkE1opexJ84q1L8UfrPETPiSoYXFA0J4VCY7W4ZlH0A7QJGdSaXNHn3FlyXKIZ6qiqXGP1TJ9qqgEvbBMVuS0loMf-PS71HcN9zw5iVO7J3VgVn-zSs_RLDN534",
            "template": "ya29.a0AfH6SMDqvCUx3afS9JN8WxIpsDmN4Xf8SQ1M4fzkvbkE1opexJ84q1L8UfrPETPiSoYXFA0J4VCY7W4ZlH0A7QJGdSaXNHn3FlyXKIZ6qiqXGP1TJ9qqgEvbBMVuS0loMf-PS71HcN9zw5iVO7J3VgVn-zSs_RLDN534",
            "vars": null
          }
        }
      ]
    },
    {
      "mode": "data",
      "type": "template_file",
      "name": "cluster_ca_certificate",
      "provider": "provider[\"registry.terraform.io/hashicorp/template\"]",
      "instances": [
        {
          "schema_version": 0,
          "attributes": {
            "filename": null,
            "id": "3364f5dfa5b86eb81f252967e3d868861b8064189566dd0c5364dcb6bfc6e5b4",
            "rendered": "-----BEGIN CERTIFICATE-----\nMIIDKjCCAhKgAwIBAgIQKJlbAYg3wv2FsBkDkRxyIzANBgkqhkiG9w0BAQsFADAv\nMS0wKwYDVQQDEyRmZmI1Mzg2YS1lNjk1LTQyZGEtOTNhMS0zN2ZhMTc3ODg4Y2Ew\nHhcNMjAwOTI3MjAxODU0WhcNMjUwOTI2MjExODU0WjAvMS0wKwYDVQQDEyRmZmI1\nMzg2YS1lNjk1LTQyZGEtOTNhMS0zN2ZhMTc3ODg4Y2EwggEiMA0GCSqGSIb3DQEB\nAQUAA4IBDwAwggEKAoIBAQDpdy3V8YRCLZU1+oeFQr1GL1L3+7QEPpk8W4LKdWwO\nWOzcVr4nhKZlAnzZY4Dyl+WW6XmP05g9kS4xdyk/93Jg0Sh/QxWixDwGgJgDifwp\nuaK4+lQ1o1wb0qDHuhxsKJfjgbcJdHBEaV09HNylh0co6z89QqYCn40LbCdn1kQu\n2MBC6FBdsvB0wh5gSbDGQ3AF0QYQB2gVe8yJQQHuOQNE4aWr1pBnZu5WugtiVhSX\nhsIcJBeejFZO9CyWA1h1ATrHHZF4sJpbQUqXDrPnK3WdiViADeAfBvNdSFx6+QMx\nqIb3aIQiXVr+j4XUTHsKw4Csodwjru3q5yGlpoNxSaKtAgMBAAGjQjBAMA4GA1Ud\nDwEB/wQEAwICBDAPBgNVHRMBAf8EBTADAQH/MB0GA1UdDgQWBBSJS9QDAfvSiqq6\nY6YFMTbR8vDxpTANBgkqhkiG9w0BAQsFAAOCAQEArGXDO6hPNd/uUrvzfa7NfkGl\nf9d4aMglX5Yk188jkAyTL8rvpJtuFIvNl0whnMOel291w3J1ivXup0yy1saTeY4/\nuHTmA2lI666h4qG1cG4M7zaTfIIeeU9RzyGEJdhIu6fIzxavjcmlgayABNG/Topt\nSYJvOW0sHY+PXtkW0ZS2SyPi3k+0soHChM7hUhtdUwgBeSjisYH8RBRwYg0RMFsh\nVBCmgM0vTkGQQpblUNARWaJK+9o87hT8uwqf45Uyty8njvglPhKSNG4E8cKaCmeS\n4Ml3MZbBl0krNPrzYq6eS2Bv05mVDZliBV1/rcwpGx4ybrMOZD3B8J5DaVDJeQ==\n-----END CERTIFICATE-----\n",
            "template": "-----BEGIN CERTIFICATE-----\nMIIDKjCCAhKgAwIBAgIQKJlbAYg3wv2FsBkDkRxyIzANBgkqhkiG9w0BAQsFADAv\nMS0wKwYDVQQDEyRmZmI1Mzg2YS1lNjk1LTQyZGEtOTNhMS0zN2ZhMTc3ODg4Y2Ew\nHhcNMjAwOTI3MjAxODU0WhcNMjUwOTI2MjExODU0WjAvMS0wKwYDVQQDEyRmZmI1\nMzg2YS1lNjk1LTQyZGEtOTNhMS0zN2ZhMTc3ODg4Y2EwggEiMA0GCSqGSIb3DQEB\nAQUAA4IBDwAwggEKAoIBAQDpdy3V8YRCLZU1+oeFQr1GL1L3+7QEPpk8W4LKdWwO\nWOzcVr4nhKZlAnzZY4Dyl+WW6XmP05g9kS4xdyk/93Jg0Sh/QxWixDwGgJgDifwp\nuaK4+lQ1o1wb0qDHuhxsKJfjgbcJdHBEaV09HNylh0co6z89QqYCn40LbCdn1kQu\n2MBC6FBdsvB0wh5gSbDGQ3AF0QYQB2gVe8yJQQHuOQNE4aWr1pBnZu5WugtiVhSX\nhsIcJBeejFZO9CyWA1h1ATrHHZF4sJpbQUqXDrPnK3WdiViADeAfBvNdSFx6+QMx\nqIb3aIQiXVr+j4XUTHsKw4Csodwjru3q5yGlpoNxSaKtAgMBAAGjQjBAMA4GA1Ud\nDwEB/wQEAwICBDAPBgNVHRMBAf8EBTADAQH/MB0GA1UdDgQWBBSJS9QDAfvSiqq6\nY6YFMTbR8vDxpTANBgkqhkiG9w0BAQsFAAOCAQEArGXDO6hPNd/uUrvzfa7NfkGl\nf9d4aMglX5Yk188jkAyTL8rvpJtuFIvNl0whnMOel291w3J1ivXup0yy1saTeY4/\nuHTmA2lI666h4qG1cG4M7zaTfIIeeU9RzyGEJdhIu6fIzxavjcmlgayABNG/Topt\nSYJvOW0sHY+PXtkW0ZS2SyPi3k+0soHChM7hUhtdUwgBeSjisYH8RBRwYg0RMFsh\nVBCmgM0vTkGQQpblUNARWaJK+9o87hT8uwqf45Uyty8njvglPhKSNG4E8cKaCmeS\n4Ml3MZbBl0krNPrzYq6eS2Bv05mVDZliBV1/rcwpGx4ybrMOZD3B8J5DaVDJeQ==\n-----END CERTIFICATE-----\n",
            "vars": null
          }
        }
      ]
    },
    {
      "mode": "data",
      "type": "template_file",
      "name": "gke_host_endpoint",
      "provider": "provider[\"registry.terraform.io/hashicorp/template\"]",
      "instances": [
        {
          "schema_version": 0,
          "attributes": {
            "filename": null,
            "id": "a0496881355d367eb782be115edfa38a88b48dce1b5fa55b1460b882ba72fba5",
            "rendered": "35.246.60.197",
            "template": "35.246.60.197",
            "vars": null
          }
        }
      ]
    },
    {
      "mode": "managed",
      "type": "google_container_node_pool",
      "name": "node_pool",
      "provider": "provider[\"registry.terraform.io/hashicorp/google-beta\"]",
      "instances": [
        {
          "schema_version": 1,
          "attributes": {
            "autoscaling": [
              {
                "max_node_count": 5,
                "min_node_count": 1
              }
            ],
            "cluster": "nexus-cluster",
            "id": "europe-west2/nexus-cluster/main-pool",
            "initial_node_count": 1,
            "instance_group_urls": [
              "https://www.googleapis.com/compute/v1/projects/aliz-hw-adamsz/zones/europe-west2-b/instanceGroupManagers/gke-nexus-cluster-main-pool-10330947-grp",
              "https://www.googleapis.com/compute/v1/projects/aliz-hw-adamsz/zones/europe-west2-a/instanceGroupManagers/gke-nexus-cluster-main-pool-53836a98-grp",
              "https://www.googleapis.com/compute/v1/projects/aliz-hw-adamsz/zones/europe-west2-c/instanceGroupManagers/gke-nexus-cluster-main-pool-bff2ff5b-grp"
            ],
            "location": "europe-west2",
            "management": [
              {
                "auto_repair": true,
                "auto_upgrade": true
              }
            ],
            "max_pods_per_node": 110,
            "name": "main-pool",
            "name_prefix": "",
            "node_config": [
              {
                "disk_size_gb": 30,
                "disk_type": "pd-standard",
                "guest_accelerator": [],
                "image_type": "COS",
                "labels": {
                  "all-pools-example": "true"
                },
                "local_ssd_count": 0,
                "machine_type": "n1-standard-1",
                "metadata": {
                  "disable-legacy-endpoints": "true"
                },
                "min_cpu_platform": "",
                "oauth_scopes": [
                  "https://www.googleapis.com/auth/logging.write",
                  "https://www.googleapis.com/auth/monitoring"
                ],
                "preemptible": false,
                "service_account": "default",
                "tags": [
                  "public",
                  "tiller-example"
                ],
                "taint": [],
                "workload_metadata_config": []
              }
            ],
            "node_count": 1,
            "project": "aliz-hw-adamsz",
            "region": "europe-west2",
            "timeouts": {
              "create": "30m",
              "delete": "30m",
              "update": "30m"
            },
            "version": "1.17.9-gke.6300",
            "zone": null
          },
          "private": "eyJlMmJmYjczMC1lY2FhLTExZTYtOGY4OC0zNDM2M2JjN2M0YzAiOnsiY3JlYXRlIjoxODAwMDAwMDAwMDAwLCJkZWxldGUiOjE4MDAwMDAwMDAwMDAsInVwZGF0ZSI6MTgwMDAwMDAwMDAwMH0sInNjaGVtYV92ZXJzaW9uIjoiMSJ9",
          "dependencies": [
            "module.gke_cluster.data.google_container_engine_versions.location",
            "module.gke_cluster.google_container_cluster.cluster",
            "module.vpc_network.google_compute_network.vpc",
            "module.vpc_network.google_compute_subnetwork.vpc_subnetwork_public",
            "random_string.suffix"
          ]
        }
      ]
    },
    {
      "mode": "managed",
      "type": "google_storage_bucket",
      "name": "static-site",
      "provider": "provider[\"registry.terraform.io/hashicorp/google\"]",
      "instances": [
        {
          "schema_version": 0,
          "attributes": {
            "bucket_policy_only": false,
            "cors": [],
            "encryption": [],
            "force_destroy": true,
            "id": "gcp-storageadamtry1",
            "labels": {},
            "lifecycle_rule": [],
            "location": "EU",
            "logging": [],
            "name": "gcp-storageadamtry1",
            "predefined_acl": null,
            "project": "aliz-hw-adamsz",
            "requester_pays": false,
            "self_link": "https://www.googleapis.com/storage/v1/b/gcp-storageadamtry1",
            "storage_class": "STANDARD",
            "url": "gs://gcp-storageadamtry1",
            "versioning": [],
            "website": []
          },
          "private": "bnVsbA=="
        }
      ]
    },
    {
      "mode": "managed",
      "type": "helm_release",
      "name": "example2",
      "provider": "provider[\"registry.terraform.io/hashicorp/helm\"]",
      "instances": [
        {
          "schema_version": 0,
          "attributes": {
            "atomic": false,
            "chart": "./nexuschart",
            "cleanup_on_fail": false,
            "create_namespace": false,
            "dependency_update": false,
            "description": null,
            "devel": null,
            "disable_crd_hooks": false,
            "disable_openapi_validation": false,
            "disable_webhooks": false,
            "force_update": true,
            "id": "nexuschart",
            "keyring": null,
            "lint": false,
            "max_history": 0,
            "metadata": [
              {
                "app_version": "1.16.0",
                "chart": "nexuschart",
                "name": "nexuschart",
                "namespace": "default",
                "revision": 1,
                "values": "{\"cluster\":{\"enabled\":true},\"metrics\":{\"enabled\":true}}",
                "version": "0.1.0"
              }
            ],
            "name": "nexuschart",
            "namespace": "default",
            "postrender": [],
            "recreate_pods": false,
            "render_subchart_notes": true,
            "replace": false,
            "repository": null,
            "repository_ca_file": null,
            "repository_cert_file": null,
            "repository_key_file": null,
            "repository_password": null,
            "repository_username": null,
            "reset_values": false,
            "reuse_values": false,
            "set": [
              {
                "name": "cluster.enabled",
                "type": "",
                "value": "true"
              },
              {
                "name": "metrics.enabled",
                "type": "",
                "value": "true"
              }
            ],
            "set_sensitive": [],
            "set_string": [],
            "skip_crds": false,
            "status": "deployed",
            "timeout": 1200,
            "values": null,
            "verify": false,
            "version": "0.1.0",
            "wait": true
          },
          "private": "bnVsbA==",
          "dependencies": [
            "data.template_file.access_token",
            "data.template_file.cluster_ca_certificate",
            "data.template_file.gke_host_endpoint",
            "kubernetes_persistent_volume_claim.example"
          ]
        }
      ]
    },
    {
      "mode": "managed",
      "type": "kubernetes_persistent_volume_claim",
      "name": "example",
      "provider": "provider[\"registry.terraform.io/hashicorp/kubernetes\"]",
      "instances": [
        {
          "schema_version": 0,
          "attributes": {
            "id": "default/nexus-pvc",
            "metadata": [
              {
                "annotations": {},
                "generate_name": "",
                "generation": 0,
                "labels": {
                  "app": "nexus"
                },
                "name": "nexus-pvc",
                "namespace": "default",
                "resource_version": "4247",
                "self_link": "/api/v1/namespaces/default/persistentvolumeclaims/nexus-pvc",
                "uid": "439ba4a1-8204-40b4-9c51-42641a3a1bb6"
              }
            ],
            "spec": [
              {
                "access_modes": [
                  "ReadWriteOnce"
                ],
                "resources": [
                  {
                    "limits": {},
                    "requests": {
                      "storage": "10Gi"
                    }
                  }
                ],
                "selector": [],
                "storage_class_name": "standard",
                "volume_name": "pvc-439ba4a1-8204-40b4-9c51-42641a3a1bb6"
              }
            ],
            "timeouts": null,
            "wait_until_bound": true
          },
          "private": "eyJlMmJmYjczMC1lY2FhLTExZTYtOGY4OC0zNDM2M2JjN2M0YzAiOnsiY3JlYXRlIjozMDAwMDAwMDAwMDB9fQ==",
          "dependencies": [
            "data.template_file.access_token",
            "data.template_file.cluster_ca_certificate",
            "data.template_file.gke_host_endpoint",
            "module.gke_cluster.data.google_container_engine_versions.location",
            "module.gke_cluster.google_container_cluster.cluster",
            "module.vpc_network.google_compute_network.vpc",
            "module.vpc_network.google_compute_subnetwork.vpc_subnetwork_public",
            "random_string.suffix"
          ]
        }
      ]
    },
    {
      "mode": "managed",
      "type": "random_string",
      "name": "suffix",
      "provider": "provider[\"registry.terraform.io/hashicorp/random\"]",
      "instances": [
        {
          "schema_version": 1,
          "attributes": {
            "id": "d6pd",
            "keepers": null,
            "length": 4,
            "lower": true,
            "min_lower": 0,
            "min_numeric": 0,
            "min_special": 0,
            "min_upper": 0,
            "number": true,
            "override_special": null,
            "result": "d6pd",
            "special": false,
            "upper": false
          },
          "private": "eyJzY2hlbWFfdmVyc2lvbiI6IjEifQ=="
        }
      ]
    },
    {
      "module": "module.gke_cluster",
      "mode": "data",
      "type": "google_container_engine_versions",
      "name": "location",
      "provider": "provider[\"registry.terraform.io/hashicorp/google\"]",
      "instances": [
        {
          "schema_version": 0,
          "attributes": {
            "default_cluster_version": "1.15.12-gke.20",
            "id": "2020-09-27 21:35:54.090106 +0000 UTC",
            "latest_master_version": "1.17.9-gke.6300",
            "latest_node_version": "1.17.9-gke.6300",
            "location": "europe-west2",
            "project": "aliz-hw-adamsz",
            "region": null,
            "valid_master_versions": [
              "1.17.9-gke.6300",
              "1.17.9-gke.1504",
              "1.16.13-gke.401",
              "1.16.13-gke.400",
              "1.16.13-gke.1",
              "1.15.12-gke.20",
              "1.15.12-gke.17",
              "1.15.12-gke.16",
              "1.15.12-gke.13",
              "1.15.12-gke.9",
              "1.15.12-gke.2",
              "1.14.10-gke.50"
            ],
            "valid_node_versions": [
              "1.17.9-gke.6300",
              "1.17.9-gke.1504",
              "1.16.13-gke.401",
              "1.16.13-gke.400",
              "1.16.13-gke.1",
              "1.16.11-gke.5",
              "1.16.10-gke.8",
              "1.16.9-gke.6",
              "1.16.9-gke.2",
              "1.16.8-gke.15",
              "1.16.8-gke.12",
              "1.16.8-gke.9",
              "1.15.12-gke.20",
              "1.15.12-gke.17",
              "1.15.12-gke.16",
              "1.15.12-gke.13",
              "1.15.12-gke.9",
              "1.15.12-gke.6",
              "1.15.12-gke.3",
              "1.15.12-gke.2",
              "1.15.11-gke.17",
              "1.15.11-gke.15",
              "1.15.11-gke.13",
              "1.15.11-gke.12",
              "1.15.11-gke.11",
              "1.15.11-gke.9",
              "1.15.11-gke.5",
              "1.15.11-gke.3",
              "1.15.11-gke.1",
              "1.15.9-gke.26",
              "1.15.9-gke.24",
              "1.15.9-gke.22",
              "1.15.9-gke.12",
              "1.15.9-gke.9",
              "1.15.9-gke.8",
              "1.15.8-gke.3",
              "1.15.8-gke.2",
              "1.15.7-gke.23",
              "1.15.7-gke.2",
              "1.15.4-gke.22",
              "1.14.10-gke.50",
              "1.14.10-gke.46",
              "1.14.10-gke.45",
              "1.14.10-gke.42",
              "1.14.10-gke.41",
              "1.14.10-gke.40",
              "1.14.10-gke.37",
              "1.14.10-gke.36",
              "1.14.10-gke.34",
              "1.14.10-gke.32",
              "1.14.10-gke.31",
              "1.14.10-gke.27",
              "1.14.10-gke.24",
              "1.14.10-gke.22",
              "1.14.10-gke.21",
              "1.14.10-gke.17",
              "1.14.10-gke.0",
              "1.14.9-gke.23",
              "1.14.9-gke.2",
              "1.14.9-gke.0",
              "1.14.8-gke.33",
              "1.14.8-gke.21",
              "1.14.8-gke.18",
              "1.14.8-gke.17",
              "1.14.8-gke.14",
              "1.14.8-gke.12",
              "1.14.8-gke.7",
              "1.14.8-gke.2",
              "1.14.7-gke.40",
              "1.14.7-gke.25",
              "1.14.7-gke.23",
              "1.14.7-gke.17",
              "1.14.7-gke.14",
              "1.14.7-gke.10",
              "1.14.6-gke.13",
              "1.14.6-gke.2",
              "1.14.6-gke.1",
              "1.14.3-gke.11",
              "1.14.3-gke.10",
              "1.14.3-gke.9",
              "1.14.2-gke.9",
              "1.14.1-gke.5",
              "1.13.12-gke.30",
              "1.13.12-gke.25",
              "1.13.12-gke.17",
              "1.13.12-gke.16",
              "1.13.12-gke.14",
              "1.13.12-gke.13",
              "1.13.12-gke.10",
              "1.13.12-gke.8",
              "1.13.12-gke.4",
              "1.13.12-gke.2",
              "1.13.11-gke.23",
              "1.13.11-gke.15",
              "1.13.11-gke.14",
              "1.13.11-gke.12",
              "1.13.11-gke.11",
              "1.13.11-gke.9",
              "1.13.11-gke.5",
              "1.13.10-gke.7",
              "1.13.10-gke.0",
              "1.13.9-gke.11",
              "1.13.9-gke.3",
              "1.13.7-gke.24",
              "1.13.7-gke.19",
              "1.13.7-gke.15",
              "1.13.7-gke.8",
              "1.13.7-gke.0",
              "1.13.6-gke.13",
              "1.13.6-gke.6",
              "1.13.6-gke.5",
              "1.13.6-gke.0",
              "1.13.5-gke.10",
              "1.12.10-gke.22",
              "1.12.10-gke.20",
              "1.12.10-gke.19",
              "1.12.10-gke.18",
              "1.12.10-gke.17",
              "1.12.10-gke.15",
              "1.12.10-gke.13",
              "1.12.10-gke.11",
              "1.12.10-gke.5",
              "1.12.9-gke.16",
              "1.12.9-gke.15",
              "1.12.9-gke.13",
              "1.12.9-gke.10",
              "1.12.9-gke.7",
              "1.12.9-gke.3",
              "1.12.8-gke.12",
              "1.12.8-gke.10",
              "1.12.8-gke.7",
              "1.12.8-gke.6",
              "1.12.7-gke.26",
              "1.12.7-gke.25",
              "1.12.7-gke.24",
              "1.12.7-gke.22",
              "1.12.7-gke.21",
              "1.12.7-gke.17",
              "1.12.7-gke.10",
              "1.12.7-gke.7",
              "1.12.6-gke.11",
              "1.12.6-gke.10",
              "1.12.6-gke.7",
              "1.12.5-gke.10",
              "1.12.5-gke.5",
              "1.11.10-gke.6",
              "1.11.10-gke.5",
              "1.11.10-gke.4",
              "1.11.9-gke.13",
              "1.11.9-gke.8",
              "1.11.9-gke.5",
              "1.11.8-gke.10",
              "1.11.8-gke.6",
              "1.11.8-gke.5",
              "1.11.8-gke.4",
              "1.11.7-gke.18",
              "1.11.7-gke.12",
              "1.11.7-gke.6",
              "1.11.7-gke.4",
              "1.11.6-gke.16",
              "1.11.6-gke.11",
              "1.11.6-gke.6",
              "1.11.6-gke.3",
              "1.11.6-gke.2",
              "1.11.6-gke.0",
              "1.11.5-gke.5",
              "1.11.5-gke.4",
              "1.11.4-gke.13",
              "1.11.4-gke.12",
              "1.11.4-gke.8",
              "1.11.3-gke.24",
              "1.11.3-gke.23",
              "1.11.3-gke.18",
              "1.11.2-gke.26",
              "1.11.2-gke.25",
              "1.11.2-gke.20",
              "1.11.2-gke.18",
              "1.11.2-gke.15",
              "1.11.2-gke.9",
              "1.10.12-gke.14",
              "1.10.12-gke.9",
              "1.10.12-gke.7",
              "1.10.12-gke.1",
              "1.10.12-gke.0",
              "1.10.11-gke.1",
              "1.10.9-gke.7",
              "1.10.9-gke.5",
              "1.10.9-gke.3",
              "1.10.9-gke.0",
              "1.10.7-gke.13",
              "1.10.7-gke.11",
              "1.10.7-gke.9",
              "1.10.7-gke.6",
              "1.10.7-gke.2",
              "1.10.7-gke.1",
              "1.10.6-gke.13",
              "1.10.6-gke.11",
              "1.10.6-gke.9",
              "1.10.6-gke.6",
              "1.10.6-gke.4",
              "1.10.6-gke.3",
              "1.10.6-gke.2",
              "1.10.6-gke.1",
              "1.10.5-gke.4",
              "1.10.5-gke.3",
              "1.10.5-gke.2",
              "1.10.5-gke.0",
              "1.10.4-gke.3",
              "1.10.4-gke.2",
              "1.10.4-gke.0",
              "1.10.2-gke.4",
              "1.10.2-gke.3",
              "1.10.2-gke.1",
              "1.9.7-gke.11",
              "1.9.7-gke.7",
              "1.9.7-gke.6",
              "1.9.7-gke.5",
              "1.9.7-gke.4",
              "1.9.7-gke.3",
              "1.9.7-gke.1",
              "1.9.7-gke.0",
              "1.9.6-gke.2",
              "1.9.6-gke.1",
              "1.9.3-gke.0",
              "1.8.12-gke.3",
              "1.8.12-gke.2",
              "1.8.12-gke.1",
              "1.8.12-gke.0",
              "1.8.10-gke.2",
              "1.8.10-gke.0",
              "1.8.9-gke.1",
              "1.8.8-gke.0",
              "1.7.15-gke.0",
              "1.7.12-gke.2",
              "1.6.13-gke.1"
            ],
            "version_prefix": null,
            "zone": null
          }
        }
      ]
    },
    {
      "module": "module.gke_cluster",
      "mode": "managed",
      "type": "google_container_cluster",
      "name": "cluster",
      "provider": "provider[\"registry.terraform.io/hashicorp/google-beta\"]",
      "instances": [
        {
          "schema_version": 1,
          "attributes": {
            "additional_zones": [
              "europe-west2-a",
              "europe-west2-b",
              "europe-west2-c"
            ],
            "addons_config": [
              {
                "cloudrun_config": [],
                "horizontal_pod_autoscaling": [
                  {
                    "disabled": false
                  }
                ],
                "http_load_balancing": [
                  {
                    "disabled": false
                  }
                ],
                "istio_config": [],
                "kubernetes_dashboard": [
                  {
                    "disabled": true
                  }
                ],
                "network_policy_config": [
                  {
                    "disabled": false
                  }
                ]
              }
            ],
            "authenticator_groups_config": [],
            "cluster_autoscaling": [
              {
                "enabled": false,
                "resource_limits": []
              }
            ],
            "cluster_ipv4_cidr": "10.2.0.0/20",
            "database_encryption": [
              {
                "key_name": "",
                "state": "DECRYPTED"
              }
            ],
            "default_max_pods_per_node": 110,
            "description": "",
            "enable_binary_authorization": false,
            "enable_intranode_visibility": false,
            "enable_kubernetes_alpha": false,
            "enable_legacy_abac": false,
            "enable_tpu": false,
            "endpoint": "35.246.60.197",
            "id": "nexus-cluster",
            "initial_node_count": 1,
            "instance_group_urls": [
              "https://www.googleapis.com/compute/v1/projects/aliz-hw-adamsz/zones/europe-west2-b/instanceGroups/gke-nexus-cluster-main-pool-10330947-grp",
              "https://www.googleapis.com/compute/v1/projects/aliz-hw-adamsz/zones/europe-west2-a/instanceGroups/gke-nexus-cluster-main-pool-53836a98-grp",
              "https://www.googleapis.com/compute/v1/projects/aliz-hw-adamsz/zones/europe-west2-c/instanceGroups/gke-nexus-cluster-main-pool-bff2ff5b-grp"
            ],
            "ip_allocation_policy": [
              {
                "cluster_ipv4_cidr_block": "10.2.0.0/20",
                "cluster_secondary_range_name": "public-services",
                "create_subnetwork": false,
                "node_ipv4_cidr_block": "10.1.0.0/20",
                "services_ipv4_cidr_block": "10.2.0.0/20",
                "services_secondary_range_name": "public-services",
                "subnetwork_name": "",
                "use_ip_aliases": true
              }
            ],
            "location": "europe-west2",
            "logging_service": "logging.googleapis.com/kubernetes",
            "maintenance_policy": [
              {
                "daily_maintenance_window": [
                  {
                    "duration": "PT4H0M0S",
                    "start_time": "05:00"
                  }
                ]
              }
            ],
            "master_auth": [
              {
                "client_certificate": "",
                "client_certificate_config": [
                  {
                    "issue_client_certificate": false
                  }
                ],
                "client_key": "",
                "cluster_ca_certificate": "LS0tLS1CRUdJTiBDRVJUSUZJQ0FURS0tLS0tCk1JSURLakNDQWhLZ0F3SUJBZ0lRS0psYkFZZzN3djJGc0JrRGtSeHlJekFOQmdrcWhraUc5dzBCQVFzRkFEQXYKTVMwd0t3WURWUVFERXlSbVptSTFNemcyWVMxbE5qazFMVFF5WkdFdE9UTmhNUzB6TjJaaE1UYzNPRGc0WTJFdwpIaGNOTWpBd09USTNNakF4T0RVMFdoY05NalV3T1RJMk1qRXhPRFUwV2pBdk1TMHdLd1lEVlFRREV5Um1abUkxCk16ZzJZUzFsTmprMUxUUXlaR0V0T1ROaE1TMHpOMlpoTVRjM09EZzRZMkV3Z2dFaU1BMEdDU3FHU0liM0RRRUIKQVFVQUE0SUJEd0F3Z2dFS0FvSUJBUURwZHkzVjhZUkNMWlUxK29lRlFyMUdMMUwzKzdRRVBwazhXNExLZFd3TwpXT3pjVnI0bmhLWmxBbnpaWTREeWwrV1c2WG1QMDVnOWtTNHhkeWsvOTNKZzBTaC9ReFdpeER3R2dKZ0RpZndwCnVhSzQrbFExbzF3YjBxREh1aHhzS0pmamdiY0pkSEJFYVYwOUhOeWxoMGNvNno4OVFxWUNuNDBMYkNkbjFrUXUKMk1CQzZGQmRzdkIwd2g1Z1NiREdRM0FGMFFZUUIyZ1ZlOHlKUVFIdU9RTkU0YVdyMXBCblp1NVd1Z3RpVmhTWApoc0ljSkJlZWpGWk85Q3lXQTFoMUFUckhIWkY0c0pwYlFVcVhEclBuSzNXZGlWaUFEZUFmQnZOZFNGeDYrUU14CnFJYjNhSVFpWFZyK2o0WFVUSHNLdzRDc29kd2pydTNxNXlHbHBvTnhTYUt0QWdNQkFBR2pRakJBTUE0R0ExVWQKRHdFQi93UUVBd0lDQkRBUEJnTlZIUk1CQWY4RUJUQURBUUgvTUIwR0ExVWREZ1FXQkJTSlM5UURBZnZTaXFxNgpZNllGTVRiUjh2RHhwVEFOQmdrcWhraUc5dzBCQVFzRkFBT0NBUUVBckdYRE82aFBOZC91VXJ2emZhN05ma0dsCmY5ZDRhTWdsWDVZazE4OGprQXlUTDhydnBKdHVGSXZObDB3aG5NT2VsMjkxdzNKMWl2WHVwMHl5MXNhVGVZNC8KdUhUbUEybEk2NjZoNHFHMWNHNE03emFUZklJZWVVOVJ6eUdFSmRoSXU2Zkl6eGF2amNtbGdheUFCTkcvVG9wdApTWUp2T1cwc0hZK1BYdGtXMFpTMlN5UGkzayswc29IQ2hNN2hVaHRkVXdnQmVTamlzWUg4UkJSd1lnMFJNRnNoClZCQ21nTTB2VGtHUVFwYmxVTkFSV2FKSys5bzg3aFQ4dXdxZjQ1VXl0eThuanZnbFBoS1NORzRFOGNLYUNtZVMKNE1sM01aYkJsMGtyTlByellxNmVTMkJ2MDVtVkRabGlCVjEvcmN3cEd4NHlick1PWkQzQjhKNURhVkRKZVE9PQotLS0tLUVORCBDRVJUSUZJQ0FURS0tLS0tCg==",
                "password": "",
                "username": ""
              }
            ],
            "master_authorized_networks_config": [],
            "master_version": "1.17.9-gke.6300",
            "min_master_version": "1.17.9-gke.6300",
            "monitoring_service": "monitoring.googleapis.com/kubernetes",
            "name": "nexus-cluster",
            "network": "projects/aliz-hw-adamsz/global/networks/nexus-cluster-network-d6pd-network",
            "network_policy": [
              {
                "enabled": true,
                "provider": "CALICO"
              }
            ],
            "node_config": [
              {
                "disk_size_gb": 30,
                "disk_type": "pd-standard",
                "guest_accelerator": [],
                "image_type": "COS",
                "labels": {
                  "all-pools-example": "true"
                },
                "local_ssd_count": 0,
                "machine_type": "n1-standard-1",
                "metadata": {
                  "disable-legacy-endpoints": "true"
                },
                "min_cpu_platform": "",
                "oauth_scopes": [
                  "https://www.googleapis.com/auth/logging.write",
                  "https://www.googleapis.com/auth/monitoring"
                ],
                "preemptible": false,
                "service_account": "default",
                "tags": [
                  "public",
                  "tiller-example"
                ],
                "taint": [],
                "workload_metadata_config": []
              }
            ],
            "node_locations": [
              "europe-west2-a",
              "europe-west2-b",
              "europe-west2-c"
            ],
            "node_pool": [
              {
                "autoscaling": [
                  {
                    "max_node_count": 5,
                    "min_node_count": 1
                  }
                ],
                "initial_node_count": 1,
                "instance_group_urls": [
                  "https://www.googleapis.com/compute/v1/projects/aliz-hw-adamsz/zones/europe-west2-b/instanceGroupManagers/gke-nexus-cluster-main-pool-10330947-grp",
                  "https://www.googleapis.com/compute/v1/projects/aliz-hw-adamsz/zones/europe-west2-a/instanceGroupManagers/gke-nexus-cluster-main-pool-53836a98-grp",
                  "https://www.googleapis.com/compute/v1/projects/aliz-hw-adamsz/zones/europe-west2-c/instanceGroupManagers/gke-nexus-cluster-main-pool-bff2ff5b-grp"
                ],
                "management": [
                  {
                    "auto_repair": true,
                    "auto_upgrade": true
                  }
                ],
                "max_pods_per_node": 110,
                "name": "main-pool",
                "name_prefix": "",
                "node_config": [
                  {
                    "disk_size_gb": 30,
                    "disk_type": "pd-standard",
                    "guest_accelerator": [],
                    "image_type": "COS",
                    "labels": {
                      "all-pools-example": "true"
                    },
                    "local_ssd_count": 0,
                    "machine_type": "n1-standard-1",
                    "metadata": {
                      "disable-legacy-endpoints": "true"
                    },
                    "min_cpu_platform": "",
                    "oauth_scopes": [
                      "https://www.googleapis.com/auth/logging.write",
                      "https://www.googleapis.com/auth/monitoring"
                    ],
                    "preemptible": false,
                    "service_account": "default",
                    "tags": [
                      "public",
                      "tiller-example"
                    ],
                    "taint": [],
                    "workload_metadata_config": []
                  }
                ],
                "node_count": 1,
                "version": "1.17.9-gke.6300"
              }
            ],
            "node_version": "1.17.9-gke.6300",
            "pod_security_policy_config": [],
            "private_cluster_config": [],
            "project": "aliz-hw-adamsz",
            "region": "europe-west2",
            "remove_default_node_pool": true,
            "resource_labels": {},
            "services_ipv4_cidr": "10.2.0.0/20",
            "subnetwork": "projects/aliz-hw-adamsz/regions/europe-west2/subnetworks/nexus-cluster-network-d6pd-subnetwork-public",
            "timeouts": null,
            "tpu_ipv4_cidr_block": "",
            "vertical_pod_autoscaling": [],
            "workload_identity_config": [],
            "zone": null
          },
          "private": "eyJlMmJmYjczMC1lY2FhLTExZTYtOGY4OC0zNDM2M2JjN2M0YzAiOnsiY3JlYXRlIjoxODAwMDAwMDAwMDAwLCJkZWxldGUiOjE4MDAwMDAwMDAwMDAsInVwZGF0ZSI6MzYwMDAwMDAwMDAwMH0sInNjaGVtYV92ZXJzaW9uIjoiMSJ9",
          "dependencies": [
            "module.gke_cluster.data.google_container_engine_versions.location",
            "module.vpc_network.google_compute_network.vpc",
            "module.vpc_network.google_compute_subnetwork.vpc_subnetwork_public",
            "random_string.suffix"
          ]
        }
      ]
    },
    {
      "module": "module.vpc_network",
      "mode": "managed",
      "type": "google_compute_network",
      "name": "vpc",
      "provider": "provider[\"registry.terraform.io/hashicorp/google\"]",
      "instances": [
        {
          "schema_version": 0,
          "attributes": {
            "auto_create_subnetworks": false,
            "delete_default_routes_on_create": false,
            "description": "",
            "gateway_ipv4": "",
            "id": "nexus-cluster-network-d6pd-network",
            "ipv4_range": "",
            "name": "nexus-cluster-network-d6pd-network",
            "project": "aliz-hw-adamsz",
            "routing_mode": "REGIONAL",
            "self_link": "https://www.googleapis.com/compute/v1/projects/aliz-hw-adamsz/global/networks/nexus-cluster-network-d6pd-network",
            "timeouts": null
          },
          "private": "eyJlMmJmYjczMC1lY2FhLTExZTYtOGY4OC0zNDM2M2JjN2M0YzAiOnsiY3JlYXRlIjoyNDAwMDAwMDAwMDAsImRlbGV0ZSI6MjQwMDAwMDAwMDAwLCJ1cGRhdGUiOjI0MDAwMDAwMDAwMH19",
          "dependencies": [
            "random_string.suffix"
          ]
        }
      ]
    },
    {
      "module": "module.vpc_network",
      "mode": "managed",
      "type": "google_compute_router",
      "name": "vpc_router",
      "provider": "provider[\"registry.terraform.io/hashicorp/google\"]",
      "instances": [
        {
          "schema_version": 0,
          "attributes": {
            "bgp": [],
            "creation_timestamp": "2020-09-27T14:18:26.460-07:00",
            "description": "",
            "id": "europe-west2/nexus-cluster-network-d6pd-router",
            "name": "nexus-cluster-network-d6pd-router",
            "network": "https://www.googleapis.com/compute/v1/projects/aliz-hw-adamsz/global/networks/nexus-cluster-network-d6pd-network",
            "project": "aliz-hw-adamsz",
            "region": "europe-west2",
            "self_link": "https://www.googleapis.com/compute/v1/projects/aliz-hw-adamsz/regions/europe-west2/routers/nexus-cluster-network-d6pd-router",
            "timeouts": null
          },
          "private": "eyJlMmJmYjczMC1lY2FhLTExZTYtOGY4OC0zNDM2M2JjN2M0YzAiOnsiY3JlYXRlIjoyNDAwMDAwMDAwMDAsImRlbGV0ZSI6MjQwMDAwMDAwMDAwLCJ1cGRhdGUiOjI0MDAwMDAwMDAwMH19",
          "dependencies": [
            "module.vpc_network.google_compute_network.vpc",
            "random_string.suffix"
          ]
        }
      ]
    },
    {
      "module": "module.vpc_network",
      "mode": "managed",
      "type": "google_compute_router_nat",
      "name": "vpc_nat",
      "provider": "provider[\"registry.terraform.io/hashicorp/google\"]",
      "instances": [
        {
          "schema_version": 0,
          "attributes": {
            "icmp_idle_timeout_sec": 0,
            "id": "europe-west2/nexus-cluster-network-d6pd-router/nexus-cluster-network-d6pd-nat",
            "log_config": [],
            "min_ports_per_vm": 0,
            "name": "nexus-cluster-network-d6pd-nat",
            "nat_ip_allocate_option": "AUTO_ONLY",
            "nat_ips": [],
            "project": "aliz-hw-adamsz",
            "region": "europe-west2",
            "router": "nexus-cluster-network-d6pd-router",
            "source_subnetwork_ip_ranges_to_nat": "LIST_OF_SUBNETWORKS",
            "subnetwork": [
              {
                "name": "https://www.googleapis.com/compute/v1/projects/aliz-hw-adamsz/regions/europe-west2/subnetworks/nexus-cluster-network-d6pd-subnetwork-public",
                "secondary_ip_range_names": [],
                "source_ip_ranges_to_nat": [
                  "ALL_IP_RANGES"
                ]
              }
            ],
            "tcp_established_idle_timeout_sec": 0,
            "tcp_transitory_idle_timeout_sec": 0,
            "timeouts": null,
            "udp_idle_timeout_sec": 0
          },
          "private": "eyJlMmJmYjczMC1lY2FhLTExZTYtOGY4OC0zNDM2M2JjN2M0YzAiOnsiY3JlYXRlIjo2MDAwMDAwMDAwMDAsImRlbGV0ZSI6NjAwMDAwMDAwMDAwfX0=",
          "dependencies": [
            "module.vpc_network.google_compute_network.vpc",
            "module.vpc_network.google_compute_router.vpc_router",
            "module.vpc_network.google_compute_subnetwork.vpc_subnetwork_public",
            "random_string.suffix"
          ]
        }
      ]
    },
    {
      "module": "module.vpc_network",
      "mode": "managed",
      "type": "google_compute_subnetwork",
      "name": "vpc_subnetwork_private",
      "provider": "provider[\"registry.terraform.io/hashicorp/google\"]",
      "instances": [
        {
          "schema_version": 0,
          "attributes": {
            "creation_timestamp": "2020-09-27T14:18:27.471-07:00",
            "description": "",
            "enable_flow_logs": true,
            "fingerprint": "W9RDoFhpagk=",
            "gateway_address": "10.1.16.1",
            "id": "europe-west2/nexus-cluster-network-d6pd-subnetwork-private",
            "ip_cidr_range": "10.1.16.0/20",
            "name": "nexus-cluster-network-d6pd-subnetwork-private",
            "network": "https://www.googleapis.com/compute/v1/projects/aliz-hw-adamsz/global/networks/nexus-cluster-network-d6pd-network",
            "private_ip_google_access": true,
            "project": "aliz-hw-adamsz",
            "region": "europe-west2",
            "secondary_ip_range": [
              {
                "ip_cidr_range": "10.2.16.0/20",
                "range_name": "private-services"
              }
            ],
            "self_link": "https://www.googleapis.com/compute/v1/projects/aliz-hw-adamsz/regions/europe-west2/subnetworks/nexus-cluster-network-d6pd-subnetwork-private",
            "timeouts": null
          },
          "private": "eyJlMmJmYjczMC1lY2FhLTExZTYtOGY4OC0zNDM2M2JjN2M0YzAiOnsiY3JlYXRlIjozNjAwMDAwMDAwMDAsImRlbGV0ZSI6MzYwMDAwMDAwMDAwLCJ1cGRhdGUiOjM2MDAwMDAwMDAwMH19",
          "dependencies": [
            "module.vpc_network.google_compute_network.vpc",
            "random_string.suffix"
          ]
        }
      ]
    },
    {
      "module": "module.vpc_network",
      "mode": "managed",
      "type": "google_compute_subnetwork",
      "name": "vpc_subnetwork_public",
      "provider": "provider[\"registry.terraform.io/hashicorp/google\"]",
      "instances": [
        {
          "schema_version": 0,
          "attributes": {
            "creation_timestamp": "2020-09-27T14:18:26.469-07:00",
            "description": "",
            "enable_flow_logs": true,
            "fingerprint": "Y5IGlLyVk7k=",
            "gateway_address": "10.1.0.1",
            "id": "europe-west2/nexus-cluster-network-d6pd-subnetwork-public",
            "ip_cidr_range": "10.1.0.0/20",
            "name": "nexus-cluster-network-d6pd-subnetwork-public",
            "network": "https://www.googleapis.com/compute/v1/projects/aliz-hw-adamsz/global/networks/nexus-cluster-network-d6pd-network",
            "private_ip_google_access": true,
            "project": "aliz-hw-adamsz",
            "region": "europe-west2",
            "secondary_ip_range": [
              {
                "ip_cidr_range": "10.2.0.0/20",
                "range_name": "public-services"
              }
            ],
            "self_link": "https://www.googleapis.com/compute/v1/projects/aliz-hw-adamsz/regions/europe-west2/subnetworks/nexus-cluster-network-d6pd-subnetwork-public",
            "timeouts": null
          },
          "private": "eyJlMmJmYjczMC1lY2FhLTExZTYtOGY4OC0zNDM2M2JjN2M0YzAiOnsiY3JlYXRlIjozNjAwMDAwMDAwMDAsImRlbGV0ZSI6MzYwMDAwMDAwMDAwLCJ1cGRhdGUiOjM2MDAwMDAwMDAwMH19",
          "dependencies": [
            "module.vpc_network.google_compute_network.vpc",
            "random_string.suffix"
          ]
        }
      ]
    },
    {
      "module": "module.vpc_network.module.network_firewall",
      "mode": "data",
      "type": "google_compute_subnetwork",
      "name": "private_subnetwork",
      "provider": "provider[\"registry.terraform.io/hashicorp/google\"]",
      "instances": [
        {
          "schema_version": 0,
          "attributes": {
            "description": "",
            "gateway_address": "10.1.16.1",
            "id": "europe-west2/nexus-cluster-network-d6pd-subnetwork-private",
            "ip_cidr_range": "10.1.16.0/20",
            "name": null,
            "network": "https://www.googleapis.com/compute/v1/projects/aliz-hw-adamsz/global/networks/nexus-cluster-network-d6pd-network",
            "private_ip_google_access": true,
            "project": "aliz-hw-adamsz",
            "region": "europe-west2",
            "secondary_ip_range": [
              {
                "ip_cidr_range": "10.2.16.0/20",
                "range_name": "private-services"
              }
            ],
            "self_link": "https://www.googleapis.com/compute/v1/projects/aliz-hw-adamsz/regions/europe-west2/subnetworks/nexus-cluster-network-d6pd-subnetwork-private"
          }
        }
      ]
    },
    {
      "module": "module.vpc_network.module.network_firewall",
      "mode": "data",
      "type": "google_compute_subnetwork",
      "name": "public_subnetwork",
      "provider": "provider[\"registry.terraform.io/hashicorp/google\"]",
      "instances": [
        {
          "schema_version": 0,
          "attributes": {
            "description": "",
            "gateway_address": "10.1.0.1",
            "id": "europe-west2/nexus-cluster-network-d6pd-subnetwork-public",
            "ip_cidr_range": "10.1.0.0/20",
            "name": null,
            "network": "https://www.googleapis.com/compute/v1/projects/aliz-hw-adamsz/global/networks/nexus-cluster-network-d6pd-network",
            "private_ip_google_access": true,
            "project": "aliz-hw-adamsz",
            "region": "europe-west2",
            "secondary_ip_range": [
              {
                "ip_cidr_range": "10.2.0.0/20",
                "range_name": "public-services"
              }
            ],
            "self_link": "https://www.googleapis.com/compute/v1/projects/aliz-hw-adamsz/regions/europe-west2/subnetworks/nexus-cluster-network-d6pd-subnetwork-public"
          }
        }
      ]
    },
    {
      "module": "module.vpc_network.module.network_firewall",
      "mode": "managed",
      "type": "google_compute_firewall",
      "name": "private_allow_all_network_inbound",
      "provider": "provider[\"registry.terraform.io/hashicorp/google\"]",
      "instances": [
        {
          "schema_version": 1,
          "attributes": {
            "allow": [
              {
                "ports": [],
                "protocol": "all"
              }
            ],
            "creation_timestamp": "2020-09-27T14:19:05.486-07:00",
            "deny": [],
            "description": "",
            "destination_ranges": [],
            "direction": "INGRESS",
            "disabled": false,
            "id": "nexus-cluster-network-d6pd-private-allow-ingress",
            "name": "nexus-cluster-network-d6pd-private-allow-ingress",
            "network": "https://www.googleapis.com/compute/v1/projects/aliz-hw-adamsz/global/networks/nexus-cluster-network-d6pd-network",
            "priority": 1000,
            "project": "aliz-hw-adamsz",
            "self_link": "https://www.googleapis.com/compute/v1/projects/aliz-hw-adamsz/global/firewalls/nexus-cluster-network-d6pd-private-allow-ingress",
            "source_ranges": [
              "10.1.0.0/20",
              "10.1.16.0/20",
              "10.2.0.0/20",
              "10.2.16.0/20"
            ],
            "source_service_accounts": [],
            "source_tags": [],
            "target_service_accounts": [],
            "target_tags": [
              "private"
            ],
            "timeouts": null
          },
          "private": "eyJlMmJmYjczMC1lY2FhLTExZTYtOGY4OC0zNDM2M2JjN2M0YzAiOnsiY3JlYXRlIjoyNDAwMDAwMDAwMDAsImRlbGV0ZSI6MjQwMDAwMDAwMDAwLCJ1cGRhdGUiOjI0MDAwMDAwMDAwMH0sInNjaGVtYV92ZXJzaW9uIjoiMSJ9",
          "dependencies": [
            "module.vpc_network.google_compute_network.vpc",
            "module.vpc_network.google_compute_subnetwork.vpc_subnetwork_private",
            "module.vpc_network.google_compute_subnetwork.vpc_subnetwork_public",
            "module.vpc_network.module.network_firewall.data.google_compute_subnetwork.private_subnetwork",
            "module.vpc_network.module.network_firewall.data.google_compute_subnetwork.public_subnetwork",
            "random_string.suffix"
          ]
        }
      ]
    },
    {
      "module": "module.vpc_network.module.network_firewall",
      "mode": "managed",
      "type": "google_compute_firewall",
      "name": "private_allow_restricted_network_inbound",
      "provider": "provider[\"registry.terraform.io/hashicorp/google\"]",
      "instances": [
        {
          "schema_version": 1,
          "attributes": {
            "allow": [
              {
                "ports": [],
                "protocol": "all"
              }
            ],
            "creation_timestamp": "2020-09-27T14:18:26.270-07:00",
            "deny": [],
            "description": "",
            "destination_ranges": [],
            "direction": "INGRESS",
            "disabled": false,
            "id": "nexus-cluster-network-d6pd-allow-restricted-inbound",
            "name": "nexus-cluster-network-d6pd-allow-restricted-inbound",
            "network": "https://www.googleapis.com/compute/v1/projects/aliz-hw-adamsz/global/networks/nexus-cluster-network-d6pd-network",
            "priority": 1000,
            "project": "aliz-hw-adamsz",
            "self_link": "https://www.googleapis.com/compute/v1/projects/aliz-hw-adamsz/global/firewalls/nexus-cluster-network-d6pd-allow-restricted-inbound",
            "source_ranges": [],
            "source_service_accounts": [],
            "source_tags": [
              "private",
              "private-persistence"
            ],
            "target_service_accounts": [],
            "target_tags": [
              "private-persistence"
            ],
            "timeouts": null
          },
          "private": "eyJlMmJmYjczMC1lY2FhLTExZTYtOGY4OC0zNDM2M2JjN2M0YzAiOnsiY3JlYXRlIjoyNDAwMDAwMDAwMDAsImRlbGV0ZSI6MjQwMDAwMDAwMDAwLCJ1cGRhdGUiOjI0MDAwMDAwMDAwMH0sInNjaGVtYV92ZXJzaW9uIjoiMSJ9",
          "dependencies": [
            "module.vpc_network.google_compute_network.vpc",
            "random_string.suffix"
          ]
        }
      ]
    },
    {
      "module": "module.vpc_network.module.network_firewall",
      "mode": "managed",
      "type": "google_compute_firewall",
      "name": "public_allow_all_inbound",
      "provider": "provider[\"registry.terraform.io/hashicorp/google\"]",
      "instances": [
        {
          "schema_version": 1,
          "attributes": {
            "allow": [
              {
                "ports": [],
                "protocol": "all"
              }
            ],
            "creation_timestamp": "2020-09-27T14:18:26.261-07:00",
            "deny": [],
            "description": "",
            "destination_ranges": [],
            "direction": "INGRESS",
            "disabled": false,
            "id": "nexus-cluster-network-d6pd-public-allow-ingress",
            "name": "nexus-cluster-network-d6pd-public-allow-ingress",
            "network": "https://www.googleapis.com/compute/v1/projects/aliz-hw-adamsz/global/networks/nexus-cluster-network-d6pd-network",
            "priority": 1000,
            "project": "aliz-hw-adamsz",
            "self_link": "https://www.googleapis.com/compute/v1/projects/aliz-hw-adamsz/global/firewalls/nexus-cluster-network-d6pd-public-allow-ingress",
            "source_ranges": [
              "0.0.0.0/0"
            ],
            "source_service_accounts": [],
            "source_tags": [],
            "target_service_accounts": [],
            "target_tags": [
              "public"
            ],
            "timeouts": null
          },
          "private": "eyJlMmJmYjczMC1lY2FhLTExZTYtOGY4OC0zNDM2M2JjN2M0YzAiOnsiY3JlYXRlIjoyNDAwMDAwMDAwMDAsImRlbGV0ZSI6MjQwMDAwMDAwMDAwLCJ1cGRhdGUiOjI0MDAwMDAwMDAwMH0sInNjaGVtYV92ZXJzaW9uIjoiMSJ9",
          "dependencies": [
            "module.vpc_network.google_compute_network.vpc",
            "random_string.suffix"
          ]
        }
      ]
    }
  ]
}
